
Microsoft Visual Studio Solution File, Format Version 12.00
# Visual Studio Version 16
VisualStudioVersion = 16.0.31005.135
MinimumVisualStudioVersion = 10.0.40219.1
Project("{FAE04EC0-301F-11D3-BF4B-00C04F79EFBC}") = "Panda", "Panda.csproj", "{7BD6FE99-E4D7-4C58-871A-9E18ECF2BDED}"
EndProject
Global
	GlobalSection(SolutionConfigurationPlatforms) = preSolution
		Debug|Any CPU = Debug|Any CPU
		Release|Any CPU = Release|Any CPU
	EndGlobalSection
	GlobalSection(ProjectConfigurationPlatforms) = postSolution
		{7BD6FE99-E4D7-4C58-871A-9E18ECF2BDED}.Debug|Any CPU.ActiveCfg = Debug|Any CPU
		{7BD6FE99-E4D7-4C58-871A-9E18ECF2BDED}.Debug|Any CPU.Build.0 = Debug|Any CPU
		{7BD6FE99-E4D7-4C58-871A-9E18ECF2BDED}.Release|Any CPU.ActiveCfg = Release|Any CPU
		{7BD6FE99-E4D7-4C58-871A-9E18ECF2BDED}.Release|Any CPU.Build.0 = Release|Any CPU
	EndGlobalSection
	GlobalSection(SolutionProperties) = preSolution
		HideSolutionNode = FALSE
	EndGlobalSection
	GlobalSection(ExtensibilityGlobals) = postSolution
		SolutionGuid = {DDF22BBD-33FA-4417-BC0E-71F07E524116}
	EndGlobalSection
EndGlobal
